<?xml version="1.0" encoding="utf-8"?>
<Project ToolsVersion="4.0" xmlns="http://schemas.microsoft.com/developer/msbuild/2003">
  <ItemGroup>
    <CustomBuild Include="..\CMakeLists.txt" />
    <CustomBuild Include="CMakeFiles\e525e5343ca19a4bd81d5fd5c22d5fa4\ALL_BUILD.rule">
      <Filter>CMake Rules</Filter>
    </CustomBuild>
  </ItemGroup>
  <ItemGroup>
    <None Include="CMakeFiles\ALL_BUILD" />
  </ItemGroup>
  <ItemGroup>
    <Filter Include="CMake Rules">
      <UniqueIdentifier>{02779905-CDFC-4E07-9BE9-FC5EA900CBF9}</UniqueIdentifier>
    </Filter>
  </ItemGroup>
</Project>
